
Microsoft Visual Studio Solution File, Format Version 12.00
# Visual Studio Version 17
VisualStudioVersion = 17.1.32414.318
MinimumVisualStudioVersion = 10.0.40219.1
Project("{9A19103F-16F7-4668-BE54-9A1E7A4F7556}") = "smartshop.Api", "smartshop.Api\smartshop.Api.csproj", "{9295D5F8-2A82-41A3-88E4-723718D46581}"
EndProject
Project("{9A19103F-16F7-4668-BE54-9A1E7A4F7556}") = "smartshop.Entities", "smartshop.Entities\smartshop.Entities.csproj", "{57356AFC-96A4-47FA-ADAC-831B8504AF3F}"
EndProject
Project("{9A19103F-16F7-4668-BE54-9A1E7A4F7556}") = "smartshop.Data", "smartshop.Data\smartshop.Data.csproj", "{C5D57A5A-D7D3-4A3F-BA0C-2CF433A71013}"
EndProject
Project("{9A19103F-16F7-4668-BE54-9A1E7A4F7556}") = "smartshop.Business", "smartshop.Business\smartshop.Business.csproj", "{968FFFEF-E3DA-4E24-BB46-8CB5ACC8242A}"
EndProject
Project("{9A19103F-16F7-4668-BE54-9A1E7A4F7556}") = "smartshop.Common", "smartshop.Common\smartshop.Common.csproj", "{49886E6D-FA89-4134-881D-ECF4F4049C85}"
EndProject
Project("{FAE04EC0-301F-11D3-BF4B-00C04F79EFBC}") = "smartshop.Api.Test", "smartshop.Api.Test\smartshop.Api.Test.csproj", "{B5868965-7D85-494F-975E-12F0B9879F62}"
EndProject
Global
	GlobalSection(SolutionConfigurationPlatforms) = preSolution
		Debug|Any CPU = Debug|Any CPU
		Release|Any CPU = Release|Any CPU
	EndGlobalSection
	GlobalSection(ProjectConfigurationPlatforms) = postSolution
		{9295D5F8-2A82-41A3-88E4-723718D46581}.Debug|Any CPU.ActiveCfg = Debug|Any CPU
		{9295D5F8-2A82-41A3-88E4-723718D46581}.Debug|Any CPU.Build.0 = Debug|Any CPU
		{9295D5F8-2A82-41A3-88E4-723718D46581}.Release|Any CPU.ActiveCfg = Release|Any CPU
		{9295D5F8-2A82-41A3-88E4-723718D46581}.Release|Any CPU.Build.0 = Release|Any CPU
		{57356AFC-96A4-47FA-ADAC-831B8504AF3F}.Debug|Any CPU.ActiveCfg = Debug|Any CPU
		{57356AFC-96A4-47FA-ADAC-831B8504AF3F}.Debug|Any CPU.Build.0 = Debug|Any CPU
		{57356AFC-96A4-47FA-ADAC-831B8504AF3F}.Release|Any CPU.ActiveCfg = Release|Any CPU
		{57356AFC-96A4-47FA-ADAC-831B8504AF3F}.Release|Any CPU.Build.0 = Release|Any CPU
		{C5D57A5A-D7D3-4A3F-BA0C-2CF433A71013}.Debug|Any CPU.ActiveCfg = Debug|Any CPU
		{C5D57A5A-D7D3-4A3F-BA0C-2CF433A71013}.Debug|Any CPU.Build.0 = Debug|Any CPU
		{C5D57A5A-D7D3-4A3F-BA0C-2CF433A71013}.Release|Any CPU.ActiveCfg = Release|Any CPU
		{C5D57A5A-D7D3-4A3F-BA0C-2CF433A71013}.Release|Any CPU.Build.0 = Release|Any CPU
		{968FFFEF-E3DA-4E24-BB46-8CB5ACC8242A}.Debug|Any CPU.ActiveCfg = Debug|Any CPU
		{968FFFEF-E3DA-4E24-BB46-8CB5ACC8242A}.Debug|Any CPU.Build.0 = Debug|Any CPU
		{968FFFEF-E3DA-4E24-BB46-8CB5ACC8242A}.Release|Any CPU.ActiveCfg = Release|Any CPU
		{968FFFEF-E3DA-4E24-BB46-8CB5ACC8242A}.Release|Any CPU.Build.0 = Release|Any CPU
		{49886E6D-FA89-4134-881D-ECF4F4049C85}.Debug|Any CPU.ActiveCfg = Debug|Any CPU
		{49886E6D-FA89-4134-881D-ECF4F4049C85}.Debug|Any CPU.Build.0 = Debug|Any CPU
		{49886E6D-FA89-4134-881D-ECF4F4049C85}.Release|Any CPU.ActiveCfg = Release|Any CPU
		{49886E6D-FA89-4134-881D-ECF4F4049C85}.Release|Any CPU.Build.0 = Release|Any CPU
		{B5868965-7D85-494F-975E-12F0B9879F62}.Debug|Any CPU.ActiveCfg = Debug|Any CPU
		{B5868965-7D85-494F-975E-12F0B9879F62}.Debug|Any CPU.Build.0 = Debug|Any CPU
		{B5868965-7D85-494F-975E-12F0B9879F62}.Release|Any CPU.ActiveCfg = Release|Any CPU
		{B5868965-7D85-494F-975E-12F0B9879F62}.Release|Any CPU.Build.0 = Release|Any CPU
	EndGlobalSection
	GlobalSection(SolutionProperties) = preSolution
		HideSolutionNode = FALSE
	EndGlobalSection
	GlobalSection(ExtensibilityGlobals) = postSolution
		SolutionGuid = {6B466CDD-C58F-4F97-8247-61A4AC82D6AB}
	EndGlobalSection
EndGlobal
